{
  "version": 4,
  "terraform_version": "0.13.5",
  "serial": 3803,
  "lineage": "9f4f0c16-3953-2089-c58a-c40e94ade209",
  "outputs": {
    "example_module_outputs": {
      "value": {
        "combiners_floating_ip": [
          "130.238.29.213"
        ],
        "combiners_private_ip": [
          "192.168.2.71"
        ],
        "reducer_floating_ip": [
          "130.238.29.40"
        ],
        "reducer_private_ip": [
          "192.168.2.132"
        ]
      },
      "type": [
        "object",
        {
          "combiners_floating_ip": [
            "tuple",
            [
              "string"
            ]
          ],
          "combiners_private_ip": [
            "tuple",
            [
              "string"
            ]
          ],
          "reducer_floating_ip": [
            "tuple",
            [
              "string"
            ]
          ],
          "reducer_private_ip": [
            "tuple",
            [
              "string"
            ]
          ]
        }
      ]
    }
  },
  "resources": [
    {
      "module": "module.cluster.module.clients",
      "mode": "managed",
      "type": "null_resource",
      "name": "provision",
      "provider": "provider[\"registry.terraform.io/hashicorp/null\"]",
      "instances": [
        {
          "index_key": 0,
          "schema_version": 0,
          "attributes": {
            "id": "6108445596994459075",
            "triggers": null
          },
          "private": "bnVsbA==",
          "dependencies": [
            "module.cluster.module.clients.openstack_compute_floatingip_associate_v2.this",
            "module.cluster.module.clients.openstack_compute_floatingip_v2.this",
            "module.cluster.module.clients.openstack_compute_instance_v2.this"
          ]
        }
      ]
    },
    {
      "module": "module.cluster.module.clients",
      "mode": "managed",
      "type": "openstack_compute_floatingip_associate_v2",
      "name": "this",
      "provider": "provider[\"registry.terraform.io/terraform-provider-openstack/openstack\"]",
      "instances": [
        {
          "index_key": 0,
          "schema_version": 0,
          "attributes": {
            "fixed_ip": "",
            "floating_ip": "130.238.29.220",
            "id": "130.238.29.220/9671d61b-eb5e-458b-b9a4-e42e95d4fa30/",
            "instance_id": "9671d61b-eb5e-458b-b9a4-e42e95d4fa30",
            "region": "east-1",
            "timeouts": null,
            "wait_until_associated": null
          },
          "private": "eyJlMmJmYjczMC1lY2FhLTExZTYtOGY4OC0zNDM2M2JjN2M0YzAiOnsiY3JlYXRlIjo2MDAwMDAwMDAwMDB9fQ==",
          "dependencies": [
            "module.cluster.module.clients.openstack_compute_floatingip_v2.this",
            "module.cluster.module.clients.openstack_compute_instance_v2.this"
          ]
        }
      ]
    },
    {
      "module": "module.cluster.module.clients",
      "mode": "managed",
      "type": "openstack_compute_floatingip_v2",
      "name": "this",
      "provider": "provider[\"registry.terraform.io/terraform-provider-openstack/openstack\"]",
      "instances": [
        {
          "index_key": 0,
          "schema_version": 0,
          "attributes": {
            "address": "130.238.29.220",
            "fixed_ip": "",
            "id": "8ffa132a-ddec-4724-9a3f-3906dcdc66d6",
            "instance_id": "",
            "pool": "Public External IPv4 Network",
            "region": "east-1"
          },
          "private": "bnVsbA=="
        }
      ]
    },
    {
      "module": "module.cluster.module.clients",
      "mode": "managed",
      "type": "openstack_compute_instance_v2",
      "name": "this",
      "provider": "provider[\"registry.terraform.io/terraform-provider-openstack/openstack\"]",
      "instances": [
        {
          "index_key": 0,
          "schema_version": 0,
          "attributes": {
            "access_ip_v4": "192.168.2.114",
            "access_ip_v6": "",
            "admin_pass": null,
            "all_metadata": {},
            "all_tags": [],
            "availability_zone": "nova",
            "availability_zone_hints": null,
            "block_device": [
              {
                "boot_index": 0,
                "delete_on_termination": true,
                "destination_type": "volume",
                "device_type": "",
                "disk_bus": "",
                "guest_format": "",
                "source_type": "image",
                "uuid": "0b7f5fb5-a25c-48b6-8578-06dbfa160723",
                "volume_size": 300,
                "volume_type": ""
              }
            ],
            "config_drive": null,
            "flavor_id": "6b916477-582d-4651-a0da-d0257c4535e7",
            "flavor_name": "ssc.xlarge.highcpu",
            "floating_ip": null,
            "force_delete": false,
            "id": "9671d61b-eb5e-458b-b9a4-e42e95d4fa30",
            "image_id": "Attempt to boot from volume - no image supplied",
            "image_name": null,
            "key_pair": "Sadi_fedn",
            "metadata": null,
            "name": "Client_FEDN",
            "network": [
              {
                "access_network": false,
                "fixed_ip_v4": "192.168.2.114",
                "fixed_ip_v6": "",
                "floating_ip": "",
                "mac": "fa:16:3e:58:ab:fe",
                "name": "SNIC 2020/20-13 Internal IPv4 Network",
                "port": "",
                "uuid": "754d8f6c-7dba-488e-aa60-eb1eb135f5cf"
              }
            ],
            "network_mode": null,
            "personality": [],
            "power_state": "active",
            "region": "east-1",
            "scheduler_hints": [],
            "security_groups": [
              "fedn_groupTerraform"
            ],
            "stop_before_destroy": false,
            "tags": null,
            "timeouts": null,
            "user_data": null,
            "vendor_options": [],
            "volume": []
          },
          "private": "eyJlMmJmYjczMC1lY2FhLTExZTYtOGY4OC0zNDM2M2JjN2M0YzAiOnsiY3JlYXRlIjoxODAwMDAwMDAwMDAwLCJkZWxldGUiOjE4MDAwMDAwMDAwMDAsInVwZGF0ZSI6MTgwMDAwMDAwMDAwMH19"
        }
      ]
    },
    {
      "module": "module.cluster.module.combiners",
      "mode": "managed",
      "type": "null_resource",
      "name": "provision",
      "provider": "provider[\"registry.terraform.io/hashicorp/null\"]",
      "instances": [
        {
          "index_key": 0,
          "schema_version": 0,
          "attributes": {
            "id": "474661547206967479",
            "triggers": null
          },
          "private": "bnVsbA==",
          "dependencies": [
            "module.cluster.module.combiners.openstack_compute_floatingip_associate_v2.this",
            "module.cluster.module.combiners.openstack_compute_floatingip_v2.this",
            "module.cluster.module.combiners.openstack_compute_instance_v2.this"
          ]
        }
      ]
    },
    {
      "module": "module.cluster.module.combiners",
      "mode": "managed",
      "type": "openstack_compute_floatingip_associate_v2",
      "name": "this",
      "provider": "provider[\"registry.terraform.io/terraform-provider-openstack/openstack\"]",
      "instances": [
        {
          "index_key": 0,
          "schema_version": 0,
          "attributes": {
            "fixed_ip": "",
            "floating_ip": "130.238.29.213",
            "id": "130.238.29.213/1811bea9-b2a5-4671-81c2-ad0fea306345/",
            "instance_id": "1811bea9-b2a5-4671-81c2-ad0fea306345",
            "region": "east-1",
            "timeouts": null,
            "wait_until_associated": null
          },
          "private": "eyJlMmJmYjczMC1lY2FhLTExZTYtOGY4OC0zNDM2M2JjN2M0YzAiOnsiY3JlYXRlIjo2MDAwMDAwMDAwMDB9fQ==",
          "dependencies": [
            "module.cluster.module.combiners.openstack_compute_floatingip_v2.this",
            "module.cluster.module.combiners.openstack_compute_instance_v2.this"
          ]
        }
      ]
    },
    {
      "module": "module.cluster.module.combiners",
      "mode": "managed",
      "type": "openstack_compute_floatingip_v2",
      "name": "this",
      "provider": "provider[\"registry.terraform.io/terraform-provider-openstack/openstack\"]",
      "instances": [
        {
          "index_key": 0,
          "schema_version": 0,
          "attributes": {
            "address": "130.238.29.213",
            "fixed_ip": "",
            "id": "4fc39691-5362-44f3-af82-edbc571d6968",
            "instance_id": "",
            "pool": "Public External IPv4 Network",
            "region": "east-1"
          },
          "private": "bnVsbA=="
        }
      ]
    },
    {
      "module": "module.cluster.module.combiners",
      "mode": "managed",
      "type": "openstack_compute_instance_v2",
      "name": "this",
      "provider": "provider[\"registry.terraform.io/terraform-provider-openstack/openstack\"]",
      "instances": [
        {
          "index_key": 0,
          "schema_version": 0,
          "attributes": {
            "access_ip_v4": "192.168.2.71",
            "access_ip_v6": "",
            "admin_pass": null,
            "all_metadata": {},
            "all_tags": [],
            "availability_zone": "nova",
            "availability_zone_hints": null,
            "block_device": [
              {
                "boot_index": 0,
                "delete_on_termination": true,
                "destination_type": "volume",
                "device_type": "",
                "disk_bus": "",
                "guest_format": "",
                "source_type": "image",
                "uuid": "0b7f5fb5-a25c-48b6-8578-06dbfa160723",
                "volume_size": 300,
                "volume_type": ""
              }
            ],
            "config_drive": null,
            "flavor_id": "f6adbf7d-c79e-47e6-9395-99639e4f6b31",
            "flavor_name": "ssc.large.highmem",
            "floating_ip": null,
            "force_delete": false,
            "id": "1811bea9-b2a5-4671-81c2-ad0fea306345",
            "image_id": "Attempt to boot from volume - no image supplied",
            "image_name": null,
            "key_pair": "Sadi_fedn",
            "metadata": null,
            "name": "Combiner_FEDN",
            "network": [
              {
                "access_network": false,
                "fixed_ip_v4": "192.168.2.71",
                "fixed_ip_v6": "",
                "floating_ip": "",
                "mac": "fa:16:3e:d7:e9:cd",
                "name": "SNIC 2020/20-13 Internal IPv4 Network",
                "port": "",
                "uuid": "754d8f6c-7dba-488e-aa60-eb1eb135f5cf"
              }
            ],
            "network_mode": null,
            "personality": [],
            "power_state": "active",
            "region": "east-1",
            "scheduler_hints": [],
            "security_groups": [
              "fedn_groupTerraform"
            ],
            "stop_before_destroy": false,
            "tags": null,
            "timeouts": null,
            "user_data": null,
            "vendor_options": [],
            "volume": []
          },
          "private": "eyJlMmJmYjczMC1lY2FhLTExZTYtOGY4OC0zNDM2M2JjN2M0YzAiOnsiY3JlYXRlIjoxODAwMDAwMDAwMDAwLCJkZWxldGUiOjE4MDAwMDAwMDAwMDAsInVwZGF0ZSI6MTgwMDAwMDAwMDAwMH19"
        }
      ]
    },
    {
      "module": "module.cluster.module.provided_keypair",
      "mode": "managed",
      "type": "openstack_compute_keypair_v2",
      "name": "this_provided",
      "provider": "provider[\"registry.terraform.io/terraform-provider-openstack/openstack\"]",
      "instances": [
        {
          "schema_version": 0,
          "attributes": {
            "fingerprint": "4b:99:37:ce:21:4a:31:cb:3e:69:85:99:00:d7:bc:a5",
            "id": "Sadi_fedn",
            "name": "Sadi_fedn",
            "private_key": "",
            "public_key": "ssh-rsa AAAAB3NzaC1yc2EAAAADAQABAAABAQDRn3WH1pK5QyxuZeQGqrmWV3vOBPaMbzyOq184CHQw3gWpbGQCqjdqSz1gG4Tl1ptHNm9X0WJn3QkIBfBOs5Ru9xREWHf2VAChPt7vNfnuNgDPCmmNQN2DvvpQMZ41E4F/M2IGcoVbfGHQxniLBRtWukRM980TKNEIsf9yQVdTEbUcuhcyKTPk6OE5JCUSszAbeDzHSzxzvsDnkgJjpc7CICebNGQAw6THyY4+Fnm8VABYKBfkbfewTsR2EY2Bawk9pIzqmnBRM9DPHbMbKpNk56/iWjPuvaiON3QIoYOS1Em2F8g+J3GiuWT99C/5ybMZjFwXM++BCWm4VSrxFH3n itadmin@itadmins-MBP\n",
            "region": "east-1",
            "value_specs": null
          },
          "private": "bnVsbA=="
        }
      ]
    },
    {
      "module": "module.cluster.module.reducer",
      "mode": "managed",
      "type": "null_resource",
      "name": "provision",
      "provider": "provider[\"registry.terraform.io/hashicorp/null\"]",
      "instances": [
        {
          "index_key": 0,
          "schema_version": 0,
          "attributes": {
            "id": "2195963890638775134",
            "triggers": null
          },
          "private": "bnVsbA==",
          "dependencies": [
            "module.cluster.module.reducer.openstack_compute_floatingip_associate_v2.this",
            "module.cluster.module.reducer.openstack_compute_floatingip_v2.this",
            "module.cluster.module.reducer.openstack_compute_instance_v2.this"
          ]
        }
      ]
    },
    {
      "module": "module.cluster.module.reducer",
      "mode": "managed",
      "type": "openstack_compute_floatingip_associate_v2",
      "name": "this",
      "provider": "provider[\"registry.terraform.io/terraform-provider-openstack/openstack\"]",
      "instances": [
        {
          "index_key": 0,
          "schema_version": 0,
          "attributes": {
            "fixed_ip": "",
            "floating_ip": "130.238.29.40",
            "id": "130.238.29.40/0163dc46-32ff-4cba-9ec3-c9643b59cbc5/",
            "instance_id": "0163dc46-32ff-4cba-9ec3-c9643b59cbc5",
            "region": "east-1",
            "timeouts": null,
            "wait_until_associated": null
          },
          "private": "eyJlMmJmYjczMC1lY2FhLTExZTYtOGY4OC0zNDM2M2JjN2M0YzAiOnsiY3JlYXRlIjo2MDAwMDAwMDAwMDB9fQ==",
          "dependencies": [
            "module.cluster.module.reducer.openstack_compute_floatingip_v2.this",
            "module.cluster.module.reducer.openstack_compute_instance_v2.this"
          ]
        }
      ]
    },
    {
      "module": "module.cluster.module.reducer",
      "mode": "managed",
      "type": "openstack_compute_floatingip_v2",
      "name": "this",
      "provider": "provider[\"registry.terraform.io/terraform-provider-openstack/openstack\"]",
      "instances": [
        {
          "index_key": 0,
          "schema_version": 0,
          "attributes": {
            "address": "130.238.29.40",
            "fixed_ip": "",
            "id": "749e164d-efdd-4ae6-84fa-7b48452e8ab0",
            "instance_id": "",
            "pool": "Public External IPv4 Network",
            "region": "east-1"
          },
          "private": "bnVsbA=="
        }
      ]
    },
    {
      "module": "module.cluster.module.reducer",
      "mode": "managed",
      "type": "openstack_compute_instance_v2",
      "name": "this",
      "provider": "provider[\"registry.terraform.io/terraform-provider-openstack/openstack\"]",
      "instances": [
        {
          "index_key": 0,
          "schema_version": 0,
          "attributes": {
            "access_ip_v4": "192.168.2.132",
            "access_ip_v6": "",
            "admin_pass": null,
            "all_metadata": {},
            "all_tags": [],
            "availability_zone": "nova",
            "availability_zone_hints": null,
            "block_device": [
              {
                "boot_index": 0,
                "delete_on_termination": true,
                "destination_type": "volume",
                "device_type": "",
                "disk_bus": "",
                "guest_format": "",
                "source_type": "image",
                "uuid": "0b7f5fb5-a25c-48b6-8578-06dbfa160723",
                "volume_size": 300,
                "volume_type": ""
              }
            ],
            "config_drive": null,
            "flavor_id": "5ee0a1a5-5b48-43eb-bc62-fcb76c95d574",
            "flavor_name": "ssc.xlarge.highmem",
            "floating_ip": null,
            "force_delete": false,
            "id": "0163dc46-32ff-4cba-9ec3-c9643b59cbc5",
            "image_id": "Attempt to boot from volume - no image supplied",
            "image_name": null,
            "key_pair": "Sadi_fedn",
            "metadata": null,
            "name": "Reducer_FEDN",
            "network": [
              {
                "access_network": false,
                "fixed_ip_v4": "192.168.2.132",
                "fixed_ip_v6": "",
                "floating_ip": "",
                "mac": "fa:16:3e:59:b9:91",
                "name": "SNIC 2020/20-13 Internal IPv4 Network",
                "port": "",
                "uuid": "754d8f6c-7dba-488e-aa60-eb1eb135f5cf"
              }
            ],
            "network_mode": null,
            "personality": [],
            "power_state": "active",
            "region": "east-1",
            "scheduler_hints": [],
            "security_groups": [
              "fedn_groupTerraform"
            ],
            "stop_before_destroy": false,
            "tags": null,
            "timeouts": null,
            "user_data": null,
            "vendor_options": [],
            "volume": []
          },
          "private": "eyJlMmJmYjczMC1lY2FhLTExZTYtOGY4OC0zNDM2M2JjN2M0YzAiOnsiY3JlYXRlIjoxODAwMDAwMDAwMDAwLCJkZWxldGUiOjE4MDAwMDAwMDAwMDAsInVwZGF0ZSI6MTgwMDAwMDAwMDAwMH19"
        }
      ]
    },
    {
      "module": "module.cluster.module.security_groups",
      "mode": "managed",
      "type": "openstack_networking_secgroup_rule_v2",
      "name": "terraform_12080",
      "provider": "provider[\"registry.terraform.io/terraform-provider-openstack/openstack\"]",
      "instances": [
        {
          "schema_version": 0,
          "attributes": {
            "description": "",
            "direction": "ingress",
            "ethertype": "IPv4",
            "id": "534cc323-f744-4f1d-86c4-a6e4bed8c4d0",
            "port_range_max": 12080,
            "port_range_min": 12080,
            "protocol": "tcp",
            "region": "east-1",
            "remote_group_id": "",
            "remote_ip_prefix": "0.0.0.0/0",
            "security_group_id": "82e55184-d7a9-4184-80fb-e41c44152f89",
            "tenant_id": "599c7e78a5f4444ca98a68d74a796efe",
            "timeouts": null
          },
          "private": "eyJlMmJmYjczMC1lY2FhLTExZTYtOGY4OC0zNDM2M2JjN2M0YzAiOnsiZGVsZXRlIjo2MDAwMDAwMDAwMDB9fQ==",
          "dependencies": [
            "module.cluster.module.security_groups.openstack_networking_secgroup_v2.terraform"
          ]
        }
      ]
    },
    {
      "module": "module.cluster.module.security_groups",
      "mode": "managed",
      "type": "openstack_networking_secgroup_rule_v2",
      "name": "terraform_12081",
      "provider": "provider[\"registry.terraform.io/terraform-provider-openstack/openstack\"]",
      "instances": [
        {
          "schema_version": 0,
          "attributes": {
            "description": "",
            "direction": "ingress",
            "ethertype": "IPv4",
            "id": "e34795f2-1ef3-41e2-974e-d3b1c4adf392",
            "port_range_max": 12081,
            "port_range_min": 12081,
            "protocol": "tcp",
            "region": "east-1",
            "remote_group_id": "",
            "remote_ip_prefix": "0.0.0.0/0",
            "security_group_id": "82e55184-d7a9-4184-80fb-e41c44152f89",
            "tenant_id": "599c7e78a5f4444ca98a68d74a796efe",
            "timeouts": null
          },
          "private": "eyJlMmJmYjczMC1lY2FhLTExZTYtOGY4OC0zNDM2M2JjN2M0YzAiOnsiZGVsZXRlIjo2MDAwMDAwMDAwMDB9fQ==",
          "dependencies": [
            "module.cluster.module.security_groups.openstack_networking_secgroup_v2.terraform"
          ]
        }
      ]
    },
    {
      "module": "module.cluster.module.security_groups",
      "mode": "managed",
      "type": "openstack_networking_secgroup_rule_v2",
      "name": "terraform_12082",
      "provider": "provider[\"registry.terraform.io/terraform-provider-openstack/openstack\"]",
      "instances": [
        {
          "schema_version": 0,
          "attributes": {
            "description": "",
            "direction": "ingress",
            "ethertype": "IPv4",
            "id": "2e7dece8-5c48-46f5-9464-888ad8df8921",
            "port_range_max": 12082,
            "port_range_min": 12082,
            "protocol": "tcp",
            "region": "east-1",
            "remote_group_id": "",
            "remote_ip_prefix": "0.0.0.0/0",
            "security_group_id": "82e55184-d7a9-4184-80fb-e41c44152f89",
            "tenant_id": "599c7e78a5f4444ca98a68d74a796efe",
            "timeouts": null
          },
          "private": "eyJlMmJmYjczMC1lY2FhLTExZTYtOGY4OC0zNDM2M2JjN2M0YzAiOnsiZGVsZXRlIjo2MDAwMDAwMDAwMDB9fQ==",
          "dependencies": [
            "module.cluster.module.security_groups.openstack_networking_secgroup_v2.terraform"
          ]
        }
      ]
    },
    {
      "module": "module.cluster.module.security_groups",
      "mode": "managed",
      "type": "openstack_networking_secgroup_rule_v2",
      "name": "terraform_12083",
      "provider": "provider[\"registry.terraform.io/terraform-provider-openstack/openstack\"]",
      "instances": [
        {
          "schema_version": 0,
          "attributes": {
            "description": "",
            "direction": "ingress",
            "ethertype": "IPv4",
            "id": "1852539a-2e0f-482a-91f5-11e3bd291286",
            "port_range_max": 12083,
            "port_range_min": 12083,
            "protocol": "tcp",
            "region": "east-1",
            "remote_group_id": "",
            "remote_ip_prefix": "0.0.0.0/0",
            "security_group_id": "82e55184-d7a9-4184-80fb-e41c44152f89",
            "tenant_id": "599c7e78a5f4444ca98a68d74a796efe",
            "timeouts": null
          },
          "private": "eyJlMmJmYjczMC1lY2FhLTExZTYtOGY4OC0zNDM2M2JjN2M0YzAiOnsiZGVsZXRlIjo2MDAwMDAwMDAwMDB9fQ==",
          "dependencies": [
            "module.cluster.module.security_groups.openstack_networking_secgroup_v2.terraform"
          ]
        }
      ]
    },
    {
      "module": "module.cluster.module.security_groups",
      "mode": "managed",
      "type": "openstack_networking_secgroup_rule_v2",
      "name": "terraform_22",
      "provider": "provider[\"registry.terraform.io/terraform-provider-openstack/openstack\"]",
      "instances": [
        {
          "schema_version": 0,
          "attributes": {
            "description": "",
            "direction": "ingress",
            "ethertype": "IPv4",
            "id": "eb6cda81-1537-435a-be70-e1539d93288d",
            "port_range_max": 22,
            "port_range_min": 22,
            "protocol": "tcp",
            "region": "east-1",
            "remote_group_id": "",
            "remote_ip_prefix": "0.0.0.0/0",
            "security_group_id": "82e55184-d7a9-4184-80fb-e41c44152f89",
            "tenant_id": "599c7e78a5f4444ca98a68d74a796efe",
            "timeouts": null
          },
          "private": "eyJlMmJmYjczMC1lY2FhLTExZTYtOGY4OC0zNDM2M2JjN2M0YzAiOnsiZGVsZXRlIjo2MDAwMDAwMDAwMDB9fQ==",
          "dependencies": [
            "module.cluster.module.security_groups.openstack_networking_secgroup_v2.terraform"
          ]
        }
      ]
    },
    {
      "module": "module.cluster.module.security_groups",
      "mode": "managed",
      "type": "openstack_networking_secgroup_rule_v2",
      "name": "terraform_27017",
      "provider": "provider[\"registry.terraform.io/terraform-provider-openstack/openstack\"]",
      "instances": [
        {
          "schema_version": 0,
          "attributes": {
            "description": "",
            "direction": "ingress",
            "ethertype": "IPv4",
            "id": "d2dfdeaa-792b-47b1-86a9-ba30cb904eeb",
            "port_range_max": 27017,
            "port_range_min": 27017,
            "protocol": "tcp",
            "region": "east-1",
            "remote_group_id": "",
            "remote_ip_prefix": "0.0.0.0/0",
            "security_group_id": "82e55184-d7a9-4184-80fb-e41c44152f89",
            "tenant_id": "599c7e78a5f4444ca98a68d74a796efe",
            "timeouts": null
          },
          "private": "eyJlMmJmYjczMC1lY2FhLTExZTYtOGY4OC0zNDM2M2JjN2M0YzAiOnsiZGVsZXRlIjo2MDAwMDAwMDAwMDB9fQ==",
          "dependencies": [
            "module.cluster.module.security_groups.openstack_networking_secgroup_v2.terraform"
          ]
        }
      ]
    },
    {
      "module": "module.cluster.module.security_groups",
      "mode": "managed",
      "type": "openstack_networking_secgroup_rule_v2",
      "name": "terraform_3546",
      "provider": "provider[\"registry.terraform.io/terraform-provider-openstack/openstack\"]",
      "instances": [
        {
          "schema_version": 0,
          "attributes": {
            "description": "",
            "direction": "ingress",
            "ethertype": "IPv4",
            "id": "4c73156b-ad9e-4ef5-88af-ef199178fb6d",
            "port_range_max": 3546,
            "port_range_min": 3546,
            "protocol": "tcp",
            "region": "east-1",
            "remote_group_id": "",
            "remote_ip_prefix": "0.0.0.0/0",
            "security_group_id": "82e55184-d7a9-4184-80fb-e41c44152f89",
            "tenant_id": "599c7e78a5f4444ca98a68d74a796efe",
            "timeouts": null
          },
          "private": "eyJlMmJmYjczMC1lY2FhLTExZTYtOGY4OC0zNDM2M2JjN2M0YzAiOnsiZGVsZXRlIjo2MDAwMDAwMDAwMDB9fQ==",
          "dependencies": [
            "module.cluster.module.security_groups.openstack_networking_secgroup_v2.terraform"
          ]
        }
      ]
    },
    {
      "module": "module.cluster.module.security_groups",
      "mode": "managed",
      "type": "openstack_networking_secgroup_rule_v2",
      "name": "terraform_443",
      "provider": "provider[\"registry.terraform.io/terraform-provider-openstack/openstack\"]",
      "instances": [
        {
          "schema_version": 0,
          "attributes": {
            "description": "",
            "direction": "ingress",
            "ethertype": "IPv4",
            "id": "f4d5ba69-c004-466d-be6e-13f15375689c",
            "port_range_max": 443,
            "port_range_min": 443,
            "protocol": "tcp",
            "region": "east-1",
            "remote_group_id": "",
            "remote_ip_prefix": "0.0.0.0/0",
            "security_group_id": "82e55184-d7a9-4184-80fb-e41c44152f89",
            "tenant_id": "599c7e78a5f4444ca98a68d74a796efe",
            "timeouts": null
          },
          "private": "eyJlMmJmYjczMC1lY2FhLTExZTYtOGY4OC0zNDM2M2JjN2M0YzAiOnsiZGVsZXRlIjo2MDAwMDAwMDAwMDB9fQ==",
          "dependencies": [
            "module.cluster.module.security_groups.openstack_networking_secgroup_v2.terraform"
          ]
        }
      ]
    },
    {
      "module": "module.cluster.module.security_groups",
      "mode": "managed",
      "type": "openstack_networking_secgroup_rule_v2",
      "name": "terraform_5111",
      "provider": "provider[\"registry.terraform.io/terraform-provider-openstack/openstack\"]",
      "instances": [
        {
          "schema_version": 0,
          "attributes": {
            "description": "",
            "direction": "ingress",
            "ethertype": "IPv4",
            "id": "3ee74da4-cf53-40d1-afd8-13f7e3febd5b",
            "port_range_max": 5111,
            "port_range_min": 5111,
            "protocol": "tcp",
            "region": "east-1",
            "remote_group_id": "",
            "remote_ip_prefix": "0.0.0.0/0",
            "security_group_id": "82e55184-d7a9-4184-80fb-e41c44152f89",
            "tenant_id": "599c7e78a5f4444ca98a68d74a796efe",
            "timeouts": null
          },
          "private": "eyJlMmJmYjczMC1lY2FhLTExZTYtOGY4OC0zNDM2M2JjN2M0YzAiOnsiZGVsZXRlIjo2MDAwMDAwMDAwMDB9fQ==",
          "dependencies": [
            "module.cluster.module.security_groups.openstack_networking_secgroup_v2.terraform"
          ]
        }
      ]
    },
    {
      "module": "module.cluster.module.security_groups",
      "mode": "managed",
      "type": "openstack_networking_secgroup_rule_v2",
      "name": "terraform_6534",
      "provider": "provider[\"registry.terraform.io/terraform-provider-openstack/openstack\"]",
      "instances": [
        {
          "schema_version": 0,
          "attributes": {
            "description": "",
            "direction": "ingress",
            "ethertype": "IPv4",
            "id": "28ca7886-d922-431b-a59a-377e633e2ab5",
            "port_range_max": 6534,
            "port_range_min": 6534,
            "protocol": "tcp",
            "region": "east-1",
            "remote_group_id": "",
            "remote_ip_prefix": "0.0.0.0/0",
            "security_group_id": "82e55184-d7a9-4184-80fb-e41c44152f89",
            "tenant_id": "599c7e78a5f4444ca98a68d74a796efe",
            "timeouts": null
          },
          "private": "eyJlMmJmYjczMC1lY2FhLTExZTYtOGY4OC0zNDM2M2JjN2M0YzAiOnsiZGVsZXRlIjo2MDAwMDAwMDAwMDB9fQ==",
          "dependencies": [
            "module.cluster.module.security_groups.openstack_networking_secgroup_v2.terraform"
          ]
        }
      ]
    },
    {
      "module": "module.cluster.module.security_groups",
      "mode": "managed",
      "type": "openstack_networking_secgroup_rule_v2",
      "name": "terraform_80",
      "provider": "provider[\"registry.terraform.io/terraform-provider-openstack/openstack\"]",
      "instances": [
        {
          "schema_version": 0,
          "attributes": {
            "description": "",
            "direction": "ingress",
            "ethertype": "IPv4",
            "id": "1c2280fb-d5e5-4ab2-b363-a5242691d1e3",
            "port_range_max": 80,
            "port_range_min": 80,
            "protocol": "tcp",
            "region": "east-1",
            "remote_group_id": "",
            "remote_ip_prefix": "0.0.0.0/0",
            "security_group_id": "82e55184-d7a9-4184-80fb-e41c44152f89",
            "tenant_id": "599c7e78a5f4444ca98a68d74a796efe",
            "timeouts": null
          },
          "private": "eyJlMmJmYjczMC1lY2FhLTExZTYtOGY4OC0zNDM2M2JjN2M0YzAiOnsiZGVsZXRlIjo2MDAwMDAwMDAwMDB9fQ==",
          "dependencies": [
            "module.cluster.module.security_groups.openstack_networking_secgroup_v2.terraform"
          ]
        }
      ]
    },
    {
      "module": "module.cluster.module.security_groups",
      "mode": "managed",
      "type": "openstack_networking_secgroup_rule_v2",
      "name": "terraform_8081",
      "provider": "provider[\"registry.terraform.io/terraform-provider-openstack/openstack\"]",
      "instances": [
        {
          "schema_version": 0,
          "attributes": {
            "description": "",
            "direction": "ingress",
            "ethertype": "IPv4",
            "id": "83166ee5-48a9-4f75-bf03-56fef313ed26",
            "port_range_max": 8081,
            "port_range_min": 8081,
            "protocol": "tcp",
            "region": "east-1",
            "remote_group_id": "",
            "remote_ip_prefix": "0.0.0.0/0",
            "security_group_id": "82e55184-d7a9-4184-80fb-e41c44152f89",
            "tenant_id": "599c7e78a5f4444ca98a68d74a796efe",
            "timeouts": null
          },
          "private": "eyJlMmJmYjczMC1lY2FhLTExZTYtOGY4OC0zNDM2M2JjN2M0YzAiOnsiZGVsZXRlIjo2MDAwMDAwMDAwMDB9fQ==",
          "dependencies": [
            "module.cluster.module.security_groups.openstack_networking_secgroup_v2.terraform"
          ]
        }
      ]
    },
    {
      "module": "module.cluster.module.security_groups",
      "mode": "managed",
      "type": "openstack_networking_secgroup_rule_v2",
      "name": "terraform_8090",
      "provider": "provider[\"registry.terraform.io/terraform-provider-openstack/openstack\"]",
      "instances": [
        {
          "schema_version": 0,
          "attributes": {
            "description": "",
            "direction": "ingress",
            "ethertype": "IPv4",
            "id": "f9614e4e-94b5-4dc9-aa2f-7cb6ac1f2d60",
            "port_range_max": 8090,
            "port_range_min": 8090,
            "protocol": "tcp",
            "region": "east-1",
            "remote_group_id": "",
            "remote_ip_prefix": "0.0.0.0/0",
            "security_group_id": "82e55184-d7a9-4184-80fb-e41c44152f89",
            "tenant_id": "599c7e78a5f4444ca98a68d74a796efe",
            "timeouts": null
          },
          "private": "eyJlMmJmYjczMC1lY2FhLTExZTYtOGY4OC0zNDM2M2JjN2M0YzAiOnsiZGVsZXRlIjo2MDAwMDAwMDAwMDB9fQ==",
          "dependencies": [
            "module.cluster.module.security_groups.openstack_networking_secgroup_v2.terraform"
          ]
        }
      ]
    },
    {
      "module": "module.cluster.module.security_groups",
      "mode": "managed",
      "type": "openstack_networking_secgroup_rule_v2",
      "name": "terraform_9000",
      "provider": "provider[\"registry.terraform.io/terraform-provider-openstack/openstack\"]",
      "instances": [
        {
          "schema_version": 0,
          "attributes": {
            "description": "",
            "direction": "ingress",
            "ethertype": "IPv4",
            "id": "1bf331ea-c743-4bbf-900a-bd18cb7ba056",
            "port_range_max": 9000,
            "port_range_min": 9000,
            "protocol": "tcp",
            "region": "east-1",
            "remote_group_id": "",
            "remote_ip_prefix": "0.0.0.0/0",
            "security_group_id": "82e55184-d7a9-4184-80fb-e41c44152f89",
            "tenant_id": "599c7e78a5f4444ca98a68d74a796efe",
            "timeouts": null
          },
          "private": "eyJlMmJmYjczMC1lY2FhLTExZTYtOGY4OC0zNDM2M2JjN2M0YzAiOnsiZGVsZXRlIjo2MDAwMDAwMDAwMDB9fQ==",
          "dependencies": [
            "module.cluster.module.security_groups.openstack_networking_secgroup_v2.terraform"
          ]
        }
      ]
    },
    {
      "module": "module.cluster.module.security_groups",
      "mode": "managed",
      "type": "openstack_networking_secgroup_v2",
      "name": "terraform",
      "provider": "provider[\"registry.terraform.io/terraform-provider-openstack/openstack\"]",
      "instances": [
        {
          "schema_version": 0,
          "attributes": {
            "all_tags": [],
            "delete_default_rules": null,
            "description": "Security group for the Terraform example instances",
            "id": "82e55184-d7a9-4184-80fb-e41c44152f89",
            "name": "fedn_groupTerraform",
            "region": "east-1",
            "tags": null,
            "tenant_id": "599c7e78a5f4444ca98a68d74a796efe",
            "timeouts": null
          },
          "private": "eyJlMmJmYjczMC1lY2FhLTExZTYtOGY4OC0zNDM2M2JjN2M0YzAiOnsiZGVsZXRlIjo2MDAwMDAwMDAwMDB9fQ=="
        }
      ]
    }
  ]
}
